// !$*UTF8*$!
{
	archiveVersion = 1;
	classes = {
	};
	objectVersion = 77;
	objects = {

/* Begin PBXContainerItemProxy section */
		5269C0652DAF456D00DC5AF1 /* PBXContainerItemProxy */ = {
			isa = PBXContainerItemProxy;
			containerPortal = 5269C0462DAF456C00DC5AF1 /* Project object */;
			proxyType = 1;
			remoteGlobalIDString = 5269C04D2DAF456C00DC5AF1;
			remoteInfo = IOSRestaurante;
		};
		5269C06F2DAF456D00DC5AF1 /* PBXContainerItemProxy */ = {
			isa = PBXContainerItemProxy;
			containerPortal = 5269C0462DAF456C00DC5AF1 /* Project object */;
			proxyType = 1;
			remoteGlobalIDString = 5269C04D2DAF456C00DC5AF1;
			remoteInfo = IOSRestaurante;
		};
/* End PBXContainerItemProxy section */

/* Begin PBXFileReference section */
		5269C04E2DAF456C00DC5AF1 /* IOSRestaurante.app */ = {isa = PBXFileReference; explicitFileType = wrapper.application; includeInIndex = 0; path = IOSRestaurante.app; sourceTree = BUILT_PRODUCTS_DIR; };
		5269C0642DAF456D00DC5AF1 /* IOSRestauranteTests.xctest */ = {isa = PBXFileReference; explicitFileType = wrapper.cfbundle; includeInIndex = 0; path = IOSRestauranteTests.xctest; sourceTree = BUILT_PRODUCTS_DIR; };
		5269C06E2DAF456D00DC5AF1 /* IOSRestauranteUITests.xctest */ = {isa = PBXFileReference; explicitFileType = wrapper.cfbundle; includeInIndex = 0; path = IOSRestauranteUITests.xctest; sourceTree = BUILT_PRODUCTS_DIR; };
/* End PBXFileReference section */

/* Begin PBXFileSystemSynchronizedBuildFileExceptionSet section */
		5269C0762DAF456D00DC5AF1 /* Exceptions for "IOSRestaurante" folder in "IOSRestaurante" target */ = {
			isa = PBXFileSystemSynchronizedBuildFileExceptionSet;
			membershipExceptions = (
				Info.plist,
			);
			target = 5269C04D2DAF456C00DC5AF1 /* IOSRestaurante */;
		};
/* End PBXFileSystemSynchronizedBuildFileExceptionSet section */

/* Begin PBXFileSystemSynchronizedRootGroup section */
		5269C0502DAF456C00DC5AF1 /* IOSRestaurante */ = {
			isa = PBXFileSystemSynchronizedRootGroup;
			exceptions = (
				5269C0762DAF456D00DC5AF1 /* Exceptions for "IOSRestaurante" folder in "IOSRestaurante" target */,
			);
			path = IOSRestaurante;
			sourceTree = "<group>";
		};
		5269C0672DAF456D00DC5AF1 /* IOSRestauranteTests */ = {
			isa = PBXFileSystemSynchronizedRootGroup;
			path = IOSRestauranteTests;
			sourceTree = "<group>";
		};
		5269C0712DAF456D00DC5AF1 /* IOSRestauranteUITests */ = {
			isa = PBXFileSystemSynchronizedRootGroup;
			path = IOSRestauranteUITests;
			sourceTree = "<group>";
		};
/* End PBXFileSystemSynchronizedRootGroup section */

/* Begin PBXFrameworksBuildPhase section */
		5269C04B2DAF456C00DC5AF1 /* Frameworks */ = {
			isa = PBXFrameworksBuildPhase;
			buildActionMask = 2147483647;
			files = (
			);
			runOnlyForDeploymentPostprocessing = 0;
		};
		5269C0612DAF456D00DC5AF1 /* Frameworks */ = {
			isa = PBXFrameworksBuildPhase;
			buildActionMask = 2147483647;
			files = (
			);
			runOnlyForDeploymentPostprocessing = 0;
		};
		5269C06B2DAF456D00DC5AF1 /* Frameworks */ = {
			isa = PBXFrameworksBuildPhase;
			buildActionMask = 2147483647;
			files = (
			);
			runOnlyForDeploymentPostprocessing = 0;
		};
/* End PBXFrameworksBuildPhase section */

/* Begin PBXGroup section */
		5269C0452DAF456C00DC5AF1 = {
			isa = PBXGroup;
			children = (
				5269C0502DAF456C00DC5AF1 /* IOSRestaurante */,
				5269C0672DAF456D00DC5AF1 /* IOSRestauranteTests */,
				5269C0712DAF456D00DC5AF1 /* IOSRestauranteUITests */,
				5269C04F2DAF456C00DC5AF1 /* Products */,
			);
			sourceTree = "<group>";
		};
		5269C04F2DAF456C00DC5AF1 /* Products */ = {
			isa = PBXGroup;
			children = (
				5269C04E2DAF456C00DC5AF1 /* IOSRestaurante.app */,
				5269C0642DAF456D00DC5AF1 /* IOSRestauranteTests.xctest */,
				5269C06E2DAF456D00DC5AF1 /* IOSRestauranteUITests.xctest */,
			);
			name = Products;
			sourceTree = "<group>";
		};
/* End PBXGroup section */

/* Begin PBXNativeTarget section */
		5269C04D2DAF456C00DC5AF1 /* IOSRestaurante */ = {
			isa = PBXNativeTarget;
			buildConfigurationList = 5269C0772DAF456D00DC5AF1 /* Build configuration list for PBXNativeTarget "IOSRestaurante" */;
			buildPhases = (
				5269C04A2DAF456C00DC5AF1 /* Sources */,
				5269C04B2DAF456C00DC5AF1 /* Frameworks */,
				5269C04C2DAF456C00DC5AF1 /* Resources */,
			);
			buildRules = (
			);
			dependencies = (
			);
			fileSystemSynchronizedGroups = (
				5269C0502DAF456C00DC5AF1 /* IOSRestaurante */,
			);
			name = IOSRestaurante;
			packageProductDependencies = (
			);
			productName = IOSRestaurante;
			productReference = 5269C04E2DAF456C00DC5AF1 /* IOSRestaurante.app */;
			productType = "com.apple.product-type.application";
		};
		5269C0632DAF456D00DC5AF1 /* IOSRestauranteTests */ = {
			isa = PBXNativeTarget;
			buildConfigurationList = 5269C07C2DAF456D00DC5AF1 /* Build configuration list for PBXNativeTarget "IOSRestauranteTests" */;
			buildPhases = (
				5269C0602DAF456D00DC5AF1 /* Sources */,
				5269C0612DAF456D00DC5AF1 /* Frameworks */,
				5269C0622DAF456D00DC5AF1 /* Resources */,
			);
			buildRules = (
			);
			dependencies = (
				5269C0662DAF456D00DC5AF1 /* PBXTargetDependency */,
			);
			fileSystemSynchronizedGroups = (
				5269C0672DAF456D00DC5AF1 /* IOSRestauranteTests */,
			);
			name = IOSRestauranteTests;
			packageProductDependencies = (
			);
			productName = IOSRestauranteTests;
			productReference = 5269C0642DAF456D00DC5AF1 /* IOSRestauranteTests.xctest */;
			productType = "com.apple.product-type.bundle.unit-test";
		};
		5269C06D2DAF456D00DC5AF1 /* IOSRestauranteUITests */ = {
			isa = PBXNativeTarget;
			buildConfigurationList = 5269C07F2DAF456D00DC5AF1 /* Build configuration list for PBXNativeTarget "IOSRestauranteUITests" */;
			buildPhases = (
				5269C06A2DAF456D00DC5AF1 /* Sources */,
				5269C06B2DAF456D00DC5AF1 /* Frameworks */,
				5269C06C2DAF456D00DC5AF1 /* Resources */,
			);
			buildRules = (
			);
			dependencies = (
				5269C0702DAF456D00DC5AF1 /* PBXTargetDependency */,
			);
			fileSystemSynchronizedGroups = (
				5269C0712DAF456D00DC5AF1 /* IOSRestauranteUITests */,
			);
			name = IOSRestauranteUITests;
			packageProductDependencies = (
			);
			productName = IOSRestauranteUITests;
			productReference = 5269C06E2DAF456D00DC5AF1 /* IOSRestauranteUITests.xctest */;
			productType = "com.apple.product-type.bundle.ui-testing";
		};
/* End PBXNativeTarget section */

/* Begin PBXProject section */
		5269C0462DAF456C00DC5AF1 /* Project object */ = {
			isa = PBXProject;
			attributes = {
				BuildIndependentTargetsInParallel = 1;
				LastSwiftUpdateCheck = 1600;
				LastUpgradeCheck = 1600;
				TargetAttributes = {
					5269C04D2DAF456C00DC5AF1 = {
						CreatedOnToolsVersion = 16.0;
					};
					5269C0632DAF456D00DC5AF1 = {
						CreatedOnToolsVersion = 16.0;
						TestTargetID = 5269C04D2DAF456C00DC5AF1;
					};
					5269C06D2DAF456D00DC5AF1 = {
						CreatedOnToolsVersion = 16.0;
						TestTargetID = 5269C04D2DAF456C00DC5AF1;
					};
				};
			};
			buildConfigurationList = 5269C0492DAF456C00DC5AF1 /* Build configuration list for PBXProject "IOSRestaurante" */;
			developmentRegion = en;
			hasScannedForEncodings = 0;
			knownRegions = (
				en,
				Base,
			);
			mainGroup = 5269C0452DAF456C00DC5AF1;
			minimizedProjectReferenceProxies = 1;
			preferredProjectObjectVersion = 77;
			productRefGroup = 5269C04F2DAF456C00DC5AF1 /* Products */;
			projectDirPath = "";
			projectRoot = "";
			targets = (
				5269C04D2DAF456C00DC5AF1 /* IOSRestaurante */,
				5269C0632DAF456D00DC5AF1 /* IOSRestauranteTests */,
				5269C06D2DAF456D00DC5AF1 /* IOSRestauranteUITests */,
			);
		};
/* End PBXProject section */

/* Begin PBXResourcesBuildPhase section */
		5269C04C2DAF456C00DC5AF1 /* Resources */ = {
			isa = PBXResourcesBuildPhase;
			buildActionMask = 2147483647;
			files = (
			);
			runOnlyForDeploymentPostprocessing = 0;
		};
		5269C0622DAF456D00DC5AF1 /* Resources */ = {
			isa = PBXResourcesBuildPhase;
			buildActionMask = 2147483647;
			files = (
			);
			runOnlyForDeploymentPostprocessing = 0;
		};
		5269C06C2DAF456D00DC5AF1 /* Resources */ = {
			isa = PBXResourcesBuildPhase;
			buildActionMask = 2147483647;
			files = (
			);
			runOnlyForDeploymentPostprocessing = 0;
		};
/* End PBXResourcesBuildPhase section */

/* Begin PBXSourcesBuildPhase section */
		5269C04A2DAF456C00DC5AF1 /* Sources */ = {
			isa = PBXSourcesBuildPhase;
			buildActionMask = 2147483647;
			files = (
			);
			runOnlyForDeploymentPostprocessing = 0;
		};
		5269C0602DAF456D00DC5AF1 /* Sources */ = {
			isa = PBXSourcesBuildPhase;
			buildActionMask = 2147483647;
			files = (
			);
			runOnlyForDeploymentPostprocessing = 0;
		};
		5269C06A2DAF456D00DC5AF1 /* Sources */ = {
			isa = PBXSourcesBuildPhase;
			buildActionMask = 2147483647;
			files = (
			);
			runOnlyForDeploymentPostprocessing = 0;
		};
/* End PBXSourcesBuildPhase section */

/* Begin PBXTargetDependency section */
		5269C0662DAF456D00DC5AF1 /* PBXTargetDependency */ = {
			isa = PBXTargetDependency;
			target = 5269C04D2DAF456C00DC5AF1 /* IOSRestaurante */;
			targetProxy = 5269C0652DAF456D00DC5AF1 /* PBXContainerItemProxy */;
		};
		5269C0702DAF456D00DC5AF1 /* PBXTargetDependency */ = {
			isa = PBXTargetDependency;
			target = 5269C04D2DAF456C00DC5AF1 /* IOSRestaurante */;
			targetProxy = 5269C06F2DAF456D00DC5AF1 /* PBXContainerItemProxy */;
		};
/* End PBXTargetDependency section */

/* Begin XCBuildConfiguration section */
		5269C0782DAF456D00DC5AF1 /* Debug */ = {
			isa = XCBuildConfiguration;
			buildSettings = {
				ASSETCATALOG_COMPILER_APPICON_NAME = AppIcon;
				ASSETCATALOG_COMPILER_GLOBAL_ACCENT_COLOR_NAME = AccentColor;
				CODE_SIGN_STYLE = Automatic;
				CURRENT_PROJECT_VERSION = 1;
				GENERATE_INFOPLIST_FILE = YES;
				INFOPLIST_FILE = IOSRestaurante/Info.plist;
				INFOPLIST_KEY_UIApplicationSupportsIndirectInputEvents = YES;
				INFOPLIST_KEY_UILaunchStoryboardName = LaunchScreen;
				INFOPLIST_KEY_UIMainStoryboardFile = Main;
				INFOPLIST_KEY_UISupportedInterfaceOrientations_iPad = "UIInterfaceOrientationPortrait UIInterfaceOrientationPortraitUpsideDown UIInterfaceOrientationLandscapeLeft UIInterfaceOrientationLandscapeRight";
				INFOPLIST_KEY_UISupportedInterfaceOrientations_iPhone = "UIInterfaceOrientationPortrait UIInterfaceOrientationLandscapeLeft UIInterfaceOrientationLandscapeRight";
				LD_RUNPATH_SEARCH_PATHS = (
					"$(inherited)",
					"@executable_path/Frameworks",
				);
				MARKETING_VERSION = 1.0;
				PRODUCT_BUNDLE_IDENTIFIER = dev.josepernia.IOSRestaurante;
				PRODUCT_NAME = "$(TARGET_NAME)";
				SWIFT_EMIT_LOC_STRINGS = YES;
				SWIFT_VERSION = 5.0;
				TARGETED_DEVICE_FAMILY = "1,2";
			};
			name = Debug;
		};
		5269C0792DAF456D00DC5AF1 /* Release */ = {
			isa = XCBuildConfiguration;
			buildSettings = {
				ASSETCATALOG_COMPILER_APPICON_NAME = AppIcon;
				ASSETCATALOG_COMPILER_GLOBAL_ACCENT_COLOR_NAME = AccentColor;
				CODE_SIGN_STYLE = Automatic;
				CURRENT_PROJECT_VERSION = 1;
				GENERATE_INFOPLIST_FILE = YES;
				INFOPLIST_FILE = IOSRestaurante/Info.plist;
				INFOPLIST_KEY_UIApplicationSupportsIndirectInputEvents = YES;
				INFOPLIST_KEY_UILaunchStoryboardName = LaunchScreen;
				INFOPLIST_KEY_UIMainStoryboardFile = Main;
				INFOPLIST_KEY_UISupportedInterfaceOrientations_iPad = "UIInterfaceOrientationPortrait UIInterfaceOrientationPortraitUpsideDown UIInterfaceOrientationLandscapeLeft UIInterfaceOrientationLandscapeRight";
				INFOPLIST_KEY_UISupportedInterfaceOrientations_iPhone = "UIInterfaceOrientationPortrait UIInterfaceOrientationLandscapeLeft UIInterfaceOrientationLandscapeRight";
				LD_RUNPATH_SEARCH_PATHS = (
					"$(inherited)",
					"@executable_path/Frameworks",
				);
				MARKETING_VERSION = 1.0;
				PRODUCT_BUNDLE_IDENTIFIER = dev.josepernia.IOSRestaurante;
				PRODUCT_NAME = "$(TARGET_NAME)";
				SWIFT_EMIT_LOC_STRINGS = YES;
				SWIFT_VERSION = 5.0;
				TARGETED_DEVICE_FAMILY = "1,2";
			};
			name = Release;
		};
		5269C07A2DAF456D00DC5AF1 /* Debug */ = {
			isa = XCBuildConfiguration;
			buildSettings = {
				ALWAYS_SEARCH_USER_PATHS = NO;
				ASSETCATALOG_COMPILER_GENERATE_SWIFT_ASSET_SYMBOL_EXTENSIONS = YES;
				CLANG_ANALYZER_NONNULL = YES;
				CLANG_ANALYZER_NUMBER_OBJECT_CONVERSION = YES_AGGRESSIVE;
				CLANG_CXX_LANGUAGE_STANDARD = "gnu++20";
				CLANG_ENABLE_MODULES = YES;
				CLANG_ENABLE_OBJC_ARC = YES;
				CLANG_ENABLE_OBJC_WEAK = YES;
				CLANG_WARN_BLOCK_CAPTURE_AUTORELEASING = YES;
				CLANG_WARN_BOOL_CONVERSION = YES;
				CLANG_WARN_COMMA = YES;
				CLANG_WARN_CONSTANT_CONVERSION = YES;
				CLANG_WARN_DEPRECATED_OBJC_IMPLEMENTATIONS = YES;
				CLANG_WARN_DIRECT_OBJC_ISA_USAGE = YES_ERROR;
				CLANG_WARN_DOCUMENTATION_COMMENTS = YES;
				CLANG_WARN_EMPTY_BODY = YES;
				CLANG_WARN_ENUM_CONVERSION = YES;
				CLANG_WARN_INFINITE_RECURSION = YES;
				CLANG_WARN_INT_CONVERSION = YES;
				CLANG_WARN_NON_LITERAL_NULL_CONVERSION = YES;
				CLANG_WARN_OBJC_IMPLICIT_RETAIN_SELF = YES;
				CLANG_WARN_OBJC_LITERAL_CONVERSION = YES;
				CLANG_WARN_OBJC_ROOT_CLASS = YES_ERROR;
				CLANG_WARN_QUOTED_INCLUDE_IN_FRAMEWORK_HEADER = YES;
				CLANG_WARN_RANGE_LOOP_ANALYSIS = YES;
				CLANG_WARN_STRICT_PROTOTYPES = YES;
				CLANG_WARN_SUSPICIOUS_MOVE = YES;
				CLANG_WARN_UNGUARDED_AVAILABILITY = YES_AGGRESSIVE;
				CLANG_WARN_UNREACHABLE_CODE = YES;
				CLANG_WARN__DUPLICATE_METHOD_MATCH = YES;
				COPY_PHASE_STRIP = NO;
				DEBUG_INFORMATION_FORMAT = dwarf;
				ENABLE_STRICT_OBJC_MSGSEND = YES;
				ENABLE_TESTABILITY = YES;
				ENABLE_USER_SCRIPT_SANDBOXING = YES;
				GCC_C_LANGUAGE_STANDARD = gnu17;
				GCC_DYNAMIC_NO_PIC = NO;
				GCC_NO_COMMON_BLOCKS = YES;
				GCC_OPTIMIZATION_LEVEL = 0;
				GCC_PREPROCESSOR_DEFINITIONS = (
					"DEBUG=1",
					"$(inherited)",
				);
				GCC_WARN_64_TO_32_BIT_CONVERSION = YES;
				GCC_WARN_ABOUT_RETURN_TYPE = YES_ERROR;
				GCC_WARN_UNDECLARED_SELECTOR = YES;
				GCC_WARN_UNINITIALIZED_AUTOS = YES_AGGRESSIVE;
				GCC_WARN_UNUSED_FUNCTION = YES;
				GCC_WARN_UNUSED_VARIABLE = YES;
				IPHONEOS_DEPLOYMENT_TARGET = 18.0;
				LOCALIZATION_PREFERS_STRING_CATALOGS = YES;
				MTL_ENABLE_DEBUG_INFO = INCLUDE_SOURCE;
				MTL_FAST_MATH = YES;
				ONLY_ACTIVE_ARCH = YES;
				SDKROOT = iphoneos;
				SWIFT_ACTIVE_COMPILATION_CONDITIONS = "DEBUG $(inherited)";
				SWIFT_OPTIMIZATION_LEVEL = "-Onone";
			};
			name = Debug;
		};
		5269C07B2DAF456D00DC5AF1 /* Release */ = {
			isa = XCBuildConfiguration;
			buildSettings = {
				ALWAYS_SEARCH_USER_PATHS = NO;
				ASSETCATALOG_COMPILER_GENERATE_SWIFT_ASSET_SYMBOL_EXTENSIONS = YES;
				CLANG_ANALYZER_NONNULL = YES;
				CLANG_ANALYZER_NUMBER_OBJECT_CONVERSION = YES_AGGRESSIVE;
				CLANG_CXX_LANGUAGE_STANDARD = "gnu++20";
				CLANG_ENABLE_MODULES = YES;
				CLANG_ENABLE_OBJC_ARC = YES;
				CLANG_ENABLE_OBJC_WEAK = YES;
				CLANG_WARN_BLOCK_CAPTURE_AUTORELEASING = YES;
				CLANG_WARN_BOOL_CONVERSION = YES;
				CLANG_WARN_COMMA = YES;
				CLANG_WARN_CONSTANT_CONVERSION = YES;
				CLANG_WARN_DEPRECATED_OBJC_IMPLEMENTATIONS = YES;
				CLANG_WARN_DIRECT_OBJC_ISA_USAGE = YES_ERROR;
				CLANG_WARN_DOCUMENTATION_COMMENTS = YES;
				CLANG_WARN_EMPTY_BODY = YES;
				CLANG_WARN_ENUM_CONVERSION = YES;
				CLANG_WARN_INFINITE_RECURSION = YES;
				CLANG_WARN_INT_CONVERSION = YES;
				CLANG_WARN_NON_LITERAL_NULL_CONVERSION = YES;
				CLANG_WARN_OBJC_IMPLICIT_RETAIN_SELF = YES;
				CLANG_WARN_OBJC_LITERAL_CONVERSION = YES;
				CLANG_WARN_OBJC_ROOT_CLASS = YES_ERROR;
				CLANG_WARN_QUOTED_INCLUDE_IN_FRAMEWORK_HEADER = YES;
				CLANG_WARN_RANGE_LOOP_ANALYSIS = YES;
				CLANG_WARN_STRICT_PROTOTYPES = YES;
				CLANG_WARN_SUSPICIOUS_MOVE = YES;
				CLANG_WARN_UNGUARDED_AVAILABILITY = YES_AGGRESSIVE;
				CLANG_WARN_UNREACHABLE_CODE = YES;
				CLANG_WARN__DUPLICATE_METHOD_MATCH = YES;
				COPY_PHASE_STRIP = NO;
				DEBUG_INFORMATION_FORMAT = "dwarf-with-dsym";
				ENABLE_NS_ASSERTIONS = NO;
				ENABLE_STRICT_OBJC_MSGSEND = YES;
				ENABLE_USER_SCRIPT_SANDBOXING = YES;
				GCC_C_LANGUAGE_STANDARD = gnu17;
				GCC_NO_COMMON_BLOCKS = YES;
				GCC_WARN_64_TO_32_BIT_CONVERSION = YES;
				GCC_WARN_ABOUT_RETURN_TYPE = YES_ERROR;
				GCC_WARN_UNDECLARED_SELECTOR = YES;
				GCC_WARN_UNINITIALIZED_AUTOS = YES_AGGRESSIVE;
				GCC_WARN_UNUSED_FUNCTION = YES;
				GCC_WARN_UNUSED_VARIABLE = YES;
				IPHONEOS_DEPLOYMENT_TARGET = 18.0;
				LOCALIZATION_PREFERS_STRING_CATALOGS = YES;
				MTL_ENABLE_DEBUG_INFO = NO;
				MTL_FAST_MATH = YES;
				SDKROOT = iphoneos;
				SWIFT_COMPILATION_MODE = wholemodule;
				VALIDATE_PRODUCT = YES;
			};
			name = Release;
		};
		5269C07D2DAF456D00DC5AF1 /* Debug */ = {
			isa = XCBuildConfiguration;
			buildSettings = {
				BUNDLE_LOADER = "$(TEST_HOST)";
				CODE_SIGN_STYLE = Automatic;
				CURRENT_PROJECT_VERSION = 1;
				GENERATE_INFOPLIST_FILE = YES;
				IPHONEOS_DEPLOYMENT_TARGET = 18.0;
				MARKETING_VERSION = 1.0;
				PRODUCT_BUNDLE_IDENTIFIER = dev.josepernia.IOSRestauranteTests;
				PRODUCT_NAME = "$(TARGET_NAME)";
				SWIFT_EMIT_LOC_STRINGS = NO;
				SWIFT_VERSION = 5.0;
				TARGETED_DEVICE_FAMILY = "1,2";
				TEST_HOST = "$(BUILT_PRODUCTS_DIR)/IOSRestaurante.app/$(BUNDLE_EXECUTABLE_FOLDER_PATH)/IOSRestaurante";
			};
			name = Debug;
		};
		5269C07E2DAF456D00DC5AF1 /* Release */ = {
			isa = XCBuildConfiguration;
			buildSettings = {
				BUNDLE_LOADER = "$(TEST_HOST)";
				CODE_SIGN_STYLE = Automatic;
				CURRENT_PROJECT_VERSION = 1;
				GENERATE_INFOPLIST_FILE = YES;
				IPHONEOS_DEPLOYMENT_TARGET = 18.0;
				MARKETING_VERSION = 1.0;
				PRODUCT_BUNDLE_IDENTIFIER = dev.josepernia.IOSRestauranteTests;
				PRODUCT_NAME = "$(TARGET_NAME)";
				SWIFT_EMIT_LOC_STRINGS = NO;
				SWIFT_VERSION = 5.0;
				TARGETED_DEVICE_FAMILY = "1,2";
				TEST_HOST = "$(BUILT_PRODUCTS_DIR)/IOSRestaurante.app/$(BUNDLE_EXECUTABLE_FOLDER_PATH)/IOSRestaurante";
			};
			name = Release;
		};
		5269C0802DAF456D00DC5AF1 /* Debug */ = {
			isa = XCBuildConfiguration;
			buildSettings = {
				CODE_SIGN_STYLE = Automatic;
				CURRENT_PROJECT_VERSION = 1;
				GENERATE_INFOPLIST_FILE = YES;
				MARKETING_VERSION = 1.0;
				PRODUCT_BUNDLE_IDENTIFIER = dev.josepernia.IOSRestauranteUITests;
				PRODUCT_NAME = "$(TARGET_NAME)";
				SWIFT_EMIT_LOC_STRINGS = NO;
				SWIFT_VERSION = 5.0;
				TARGETED_DEVICE_FAMILY = "1,2";
				TEST_TARGET_NAME = IOSRestaurante;
			};
			name = Debug;
		};
		5269C0812DAF456D00DC5AF1 /* Release */ = {
			isa = XCBuildConfiguration;
			buildSettings = {
				CODE_SIGN_STYLE = Automatic;
				CURRENT_PROJECT_VERSION = 1;
				GENERATE_INFOPLIST_FILE = YES;
				MARKETING_VERSION = 1.0;
				PRODUCT_BUNDLE_IDENTIFIER = dev.josepernia.IOSRestauranteUITests;
				PRODUCT_NAME = "$(TARGET_NAME)";
				SWIFT_EMIT_LOC_STRINGS = NO;
				SWIFT_VERSION = 5.0;
				TARGETED_DEVICE_FAMILY = "1,2";
				TEST_TARGET_NAME = IOSRestaurante;
			};
			name = Release;
		};
/* End XCBuildConfiguration section */

/* Begin XCConfigurationList section */
		5269C0492DAF456C00DC5AF1 /* Build configuration list for PBXProject "IOSRestaurante" */ = {
			isa = XCConfigurationList;
			buildConfigurations = (
				5269C07A2DAF456D00DC5AF1 /* Debug */,
				5269C07B2DAF456D00DC5AF1 /* Release */,
			);
			defaultConfigurationIsVisible = 0;
			defaultConfigurationName = Release;
		};
		5269C0772DAF456D00DC5AF1 /* Build configuration list for PBXNativeTarget "IOSRestaurante" */ = {
			isa = XCConfigurationList;
			buildConfigurations = (
				5269C0782DAF456D00DC5AF1 /* Debug */,
				5269C0792DAF456D00DC5AF1 /* Release */,
			);
			defaultConfigurationIsVisible = 0;
			defaultConfigurationName = Release;
		};
		5269C07C2DAF456D00DC5AF1 /* Build configuration list for PBXNativeTarget "IOSRestauranteTests" */ = {
			isa = XCConfigurationList;
			buildConfigurations = (
				5269C07D2DAF456D00DC5AF1 /* Debug */,
				5269C07E2DAF456D00DC5AF1 /* Release */,
			);
			defaultConfigurationIsVisible = 0;
			defaultConfigurationName = Release;
		};
		5269C07F2DAF456D00DC5AF1 /* Build configuration list for PBXNativeTarget "IOSRestauranteUITests" */ = {
			isa = XCConfigurationList;
			buildConfigurations = (
				5269C0802DAF456D00DC5AF1 /* Debug */,
				5269C0812DAF456D00DC5AF1 /* Release */,
			);
			defaultConfigurationIsVisible = 0;
			defaultConfigurationName = Release;
		};
/* End XCConfigurationList section */
	};
	rootObject = 5269C0462DAF456C00DC5AF1 /* Project object */;
}
